// !$*UTF8*$!
{
	archiveVersion = 1;
	classes = {
	};
	objectVersion = 46;
	objects = {

/* Begin PBXBuildFile section */
		15DA404270254DB3952111C4 /* libz.tbd in Frameworks */ = {isa = PBXBuildFile; fileRef = 895B3892BD9140EEA9D86D44 /* libz.tbd */; };
		1849E3E97B26413E833C066B /* CDVPlugin+APPAppEvent.m in Sources */ = {isa = PBXBuildFile; fileRef = F38D7B58A5D143B4A0650577 /* CDVPlugin+APPAppEvent.m */; };
		1D3623260D0F684500981E51 /* AppDelegate.m in Sources */ = {isa = PBXBuildFile; fileRef = 1D3623250D0F684500981E51 /* AppDelegate.m */; };
		1D60589B0D05DD56006BFB54 /* main.m in Sources */ = {isa = PBXBuildFile; fileRef = 29B97316FDCFA39411CA2CEA /* main.m */; };
		2284920BEA0A4048B77A021F /* libGTM_GTMURLBuilder.a in Frameworks */ = {isa = PBXBuildFile; fileRef = 978D85E0542C445496BFAF8F /* libGTM_GTMURLBuilder.a */; };
		245DE330CA1D4A91A4F38CBD /* libGTM_NSScannerJSON.a in Frameworks */ = {isa = PBXBuildFile; fileRef = F9CE25B12D4F4EF0ABCA8780 /* libGTM_NSScannerJSON.a */; };
		25865A0D34014ACAB9682850 /* CDVDevice.m in Sources */ = {isa = PBXBuildFile; fileRef = 290A085FC93843DDAF172C23 /* CDVDevice.m */; };
		27D290FB17A54E74AAB942F8 /* SystemConfiguration.framework in Frameworks */ = {isa = PBXBuildFile; fileRef = BE0B4EB69D5943CBAE22023E /* SystemConfiguration.framework */; settings = {ATTRIBUTES = (Weak, ); }; };
		288765FD0DF74451002DB57D /* CoreGraphics.framework in Frameworks */ = {isa = PBXBuildFile; fileRef = 288765FC0DF74451002DB57D /* CoreGraphics.framework */; };
		2F12256EAE0B4E428B775BA3 /* AppDelegate+notification.m in Sources */ = {isa = PBXBuildFile; fileRef = E265989E169E4B9AAB099E09 /* AppDelegate+notification.m */; };
		301BF552109A68D80062928A /* libCordova.a in Frameworks */ = {isa = PBXBuildFile; fileRef = 301BF535109A57CC0062928A /* libCordova.a */; };
		302AA9D8BDC7405B8DD4D6C1 /* libGGLInstanceIDLib.a in Frameworks */ = {isa = PBXBuildFile; fileRef = 34C2B0B49D4A4DBF86C281D8 /* libGGLInstanceIDLib.a */; };
		302D95F114D2391D003F00A1 /* MainViewController.m in Sources */ = {isa = PBXBuildFile; fileRef = 302D95EF14D2391D003F00A1 /* MainViewController.m */; };
		302D95F214D2391D003F00A1 /* MainViewController.xib in Resources */ = {isa = PBXBuildFile; fileRef = 302D95F014D2391D003F00A1 /* MainViewController.xib */; };
		305D5FD1115AB8F900A74A75 /* MobileCoreServices.framework in Frameworks */ = {isa = PBXBuildFile; fileRef = 305D5FD0115AB8F900A74A75 /* MobileCoreServices.framework */; };
		3088BBBD154F3926009F9C59 /* Default-Landscape@2x~ipad.png in Resources */ = {isa = PBXBuildFile; fileRef = 3088BBB7154F3926009F9C59 /* Default-Landscape@2x~ipad.png */; };
		3088BBBE154F3926009F9C59 /* Default-Landscape~ipad.png in Resources */ = {isa = PBXBuildFile; fileRef = 3088BBB8154F3926009F9C59 /* Default-Landscape~ipad.png */; };
		3088BBBF154F3926009F9C59 /* Default-Portrait@2x~ipad.png in Resources */ = {isa = PBXBuildFile; fileRef = 3088BBB9154F3926009F9C59 /* Default-Portrait@2x~ipad.png */; };
		3088BBC0154F3926009F9C59 /* Default-Portrait~ipad.png in Resources */ = {isa = PBXBuildFile; fileRef = 3088BBBA154F3926009F9C59 /* Default-Portrait~ipad.png */; };
		3088BBC1154F3926009F9C59 /* Default@2x~iphone.png in Resources */ = {isa = PBXBuildFile; fileRef = 3088BBBB154F3926009F9C59 /* Default@2x~iphone.png */; };
		3088BBC2154F3926009F9C59 /* Default~iphone.png in Resources */ = {isa = PBXBuildFile; fileRef = 3088BBBC154F3926009F9C59 /* Default~iphone.png */; };
		308D05371370CCF300D202BF /* icon-72.png in Resources */ = {isa = PBXBuildFile; fileRef = 308D052E1370CCF300D202BF /* icon-72.png */; };
		308D05381370CCF300D202BF /* icon.png in Resources */ = {isa = PBXBuildFile; fileRef = 308D052F1370CCF300D202BF /* icon.png */; };
		308D05391370CCF300D202BF /* icon@2x.png in Resources */ = {isa = PBXBuildFile; fileRef = 308D05301370CCF300D202BF /* icon@2x.png */; };
		30B4F30019D5E07200D9F7D8 /* Default-667h.png in Resources */ = {isa = PBXBuildFile; fileRef = 30B4F2FD19D5E07200D9F7D8 /* Default-667h.png */; };
		30B4F30119D5E07200D9F7D8 /* Default-736h.png in Resources */ = {isa = PBXBuildFile; fileRef = 30B4F2FE19D5E07200D9F7D8 /* Default-736h.png */; };
		30B4F30219D5E07200D9F7D8 /* Default-Landscape-736h.png in Resources */ = {isa = PBXBuildFile; fileRef = 30B4F2FF19D5E07200D9F7D8 /* Default-Landscape-736h.png */; };
		30C1856619D5FC0A00212699 /* icon-60@3x.png in Resources */ = {isa = PBXBuildFile; fileRef = 30C1856519D5FC0A00212699 /* icon-60@3x.png */; };
		30FC414916E50CA1004E6F35 /* icon-72@2x.png in Resources */ = {isa = PBXBuildFile; fileRef = 30FC414816E50CA1004E6F35 /* icon-72@2x.png */; };
		3B8FB248BF644802B4927EC7 /* libGTM_Regex.a in Frameworks */ = {isa = PBXBuildFile; fileRef = 1F933AA22ADA4A3C8E9AA127 /* libGTM_Regex.a */; };
		3FAB20AA636F4EA79FA7402A /* libGTMSessionFetcher_full.a in Frameworks */ = {isa = PBXBuildFile; fileRef = 43FD725491EC439FB2EB5327 /* libGTMSessionFetcher_full.a */; };
		4091A45EC2984825B314C061 /* UIApplication+APPLocalNotification.m in Sources */ = {isa = PBXBuildFile; fileRef = B22B3A653E9C4D1BA7203531 /* UIApplication+APPLocalNotification.m */; };
		40C9C16D92AF4B389A67214B /* CDVViewController+SplashScreen.m in Sources */ = {isa = PBXBuildFile; fileRef = 3028CDABF87449F1A3FBCAF0 /* CDVViewController+SplashScreen.m */; };
		46A2991ECF524B978AA5F441 /* libGTM_iPhone.a in Frameworks */ = {isa = PBXBuildFile; fileRef = 44C43E67301F4C7697AA3B0C /* libGTM_iPhone.a */; };
		501A49A5B8924A2FBA55C558 /* CoreTelephony.framework in Frameworks */ = {isa = PBXBuildFile; fileRef = 46AFE9FABA30481A8CFBE7F3 /* CoreTelephony.framework */; };
		5B1594DD16A7569C00FEF299 /* AssetsLibrary.framework in Frameworks */ = {isa = PBXBuildFile; fileRef = 5B1594DC16A7569C00FEF299 /* AssetsLibrary.framework */; };
		5D122EBF8C9B4694A9935BAF /* libGTM_AddressBook.a in Frameworks */ = {isa = PBXBuildFile; fileRef = FA8F48CB22594E8B9879671E /* libGTM_AddressBook.a */; };
		66AC2688C5A441FAB4C7B889 /* PushPlugin.m in Sources */ = {isa = PBXBuildFile; fileRef = 4F900D99C6CC459CAC7DF421 /* PushPlugin.m */; };
		673A399D8CDD42D6A9AD3E9E /* libGTM_NSStringHTML.a in Frameworks */ = {isa = PBXBuildFile; fileRef = AB17EBB1117A4AF094BFA9BB /* libGTM_NSStringHTML.a */; };
		6C05CD5494D84D7690304E9E /* libGTM_NSDictionary+URLArguments.a in Frameworks */ = {isa = PBXBuildFile; fileRef = 3851100DAAAE4792B700F7B0 /* libGTM_NSDictionary+URLArguments.a */; };
		6C09887DE8F943119B658298 /* libGTM_KVO.a in Frameworks */ = {isa = PBXBuildFile; fileRef = 1B63120B7DDD47CF9120DCE0 /* libGTM_KVO.a */; };
		6F948ED0CFB44763BFFA0CD8 /* libsqlite3.tbd in Frameworks */ = {isa = PBXBuildFile; fileRef = 3D82F2E35F17405ABE07510A /* libsqlite3.tbd */; };
		7E7966DE1810823500FA85AD /* icon-40.png in Resources */ = {isa = PBXBuildFile; fileRef = 7E7966D41810823500FA85AD /* icon-40.png */; };
		7E7966DF1810823500FA85AD /* icon-40@2x.png in Resources */ = {isa = PBXBuildFile; fileRef = 7E7966D51810823500FA85AD /* icon-40@2x.png */; };
		7E7966E01810823500FA85AD /* icon-50.png in Resources */ = {isa = PBXBuildFile; fileRef = 7E7966D61810823500FA85AD /* icon-50.png */; };
		7E7966E11810823500FA85AD /* icon-50@2x.png in Resources */ = {isa = PBXBuildFile; fileRef = 7E7966D71810823500FA85AD /* icon-50@2x.png */; };
		7E7966E21810823500FA85AD /* icon-60.png in Resources */ = {isa = PBXBuildFile; fileRef = 7E7966D81810823500FA85AD /* icon-60.png */; };
		7E7966E31810823500FA85AD /* icon-60@2x.png in Resources */ = {isa = PBXBuildFile; fileRef = 7E7966D91810823500FA85AD /* icon-60@2x.png */; };
		7E7966E41810823500FA85AD /* icon-76.png in Resources */ = {isa = PBXBuildFile; fileRef = 7E7966DA1810823500FA85AD /* icon-76.png */; };
		7E7966E51810823500FA85AD /* icon-76@2x.png in Resources */ = {isa = PBXBuildFile; fileRef = 7E7966DB1810823500FA85AD /* icon-76@2x.png */; };
		7E7966E61810823500FA85AD /* icon-small.png in Resources */ = {isa = PBXBuildFile; fileRef = 7E7966DC1810823500FA85AD /* icon-small.png */; };
		7E7966E71810823500FA85AD /* icon-small@2x.png in Resources */ = {isa = PBXBuildFile; fileRef = 7E7966DD1810823500FA85AD /* icon-small@2x.png */; };
		82B7B11D370F413D9EA577BA /* libGTM_DebugUtils.a in Frameworks */ = {isa = PBXBuildFile; fileRef = DC917B16582A4081A20597B8 /* libGTM_DebugUtils.a */; };
		86547D3C9C0E434A8CA43254 /* libGTM_NSStringXML.a in Frameworks */ = {isa = PBXBuildFile; fileRef = 50C5DEEFFCD34AEAB5C937E3 /* libGTM_NSStringXML.a */; };
		8A98DBBD3F15458AB459821D /* CDVReachability.m in Sources */ = {isa = PBXBuildFile; fileRef = 0F70406808814C6A87D1F054 /* CDVReachability.m */; };
		952A3A3A28CE48729E81479A /* libGTM_NSData+zlib.a in Frameworks */ = {isa = PBXBuildFile; fileRef = 6FB3F8364DEC413D819BA3D7 /* libGTM_NSData+zlib.a */; };
		A0EF5DA281CA45AA96C8A34A /* UILocalNotification+APPLocalNotification.m in Sources */ = {isa = PBXBuildFile; fileRef = C3EE340E58894BD8BFE83B08 /* UILocalNotification+APPLocalNotification.m */; };
		A25353641DB1402DBE3DD85B /* libGIP_Reachability.a in Frameworks */ = {isa = PBXBuildFile; fileRef = A325CAF27F7F45CF9C97E932 /* libGIP_Reachability.a */; };
		A3FD886A510C4551B2D09990 /* libGGLCloudMessaging.a in Frameworks */ = {isa = PBXBuildFile; fileRef = 1906C25022D84881AFB8C7E3 /* libGGLCloudMessaging.a */; };
		A4068D8CB9124A539078C211 /* CDVConnection.m in Sources */ = {isa = PBXBuildFile; fileRef = 6C34148E126A4CF7BF2B6BBB /* CDVConnection.m */; };
		A4F2079B623E4BBEBD6DD304 /* AddressBook.framework in Frameworks */ = {isa = PBXBuildFile; fileRef = 4C332A586C594D2B89766E58 /* AddressBook.framework */; };
		A5B656BC00FB43D39AEBCDD5 /* CDVNotification.bundle in Resources */ = {isa = PBXBuildFile; fileRef = 37D6D4B264534F41AA102332 /* CDVNotification.bundle */; };
		A7262C33CA8D4BF985E1095B /* CDVLogger.m in Sources */ = {isa = PBXBuildFile; fileRef = B078432BBA014BD4BAE8EEE7 /* CDVLogger.m */; };
		A78D37C56904493186FE85B0 /* CDVNotification.m in Sources */ = {isa = PBXBuildFile; fileRef = CE0E3508D42848EB881371FE /* CDVNotification.m */; };
		A9C47335925E46EBBE6BB841 /* libGSDK_Overload.a in Frameworks */ = {isa = PBXBuildFile; fileRef = FADF98AC9D804639BA4E2D65 /* libGSDK_Overload.a */; };
		AB469FE9657C4A42AA0976D9 /* libGTM_SystemVersion.a in Frameworks */ = {isa = PBXBuildFile; fileRef = D5930295CDF04B62BED5A84C /* libGTM_SystemVersion.a */; };
		B105188CF1FE47749B152CE4 /* CDVStatusBar.m in Sources */ = {isa = PBXBuildFile; fileRef = 85E16A88259A4BB39F106D81 /* CDVStatusBar.m */; };
		B8DDC40850874AF094ABED31 /* CDVInAppBrowser.m in Sources */ = {isa = PBXBuildFile; fileRef = 6F219F5C59C247DF8A39B07F /* CDVInAppBrowser.m */; };
		BDC82170846D4BB5BDFE0754 /* libGTM_UIFont+LineHeight.a in Frameworks */ = {isa = PBXBuildFile; fileRef = 9EAB716EE24A43F3BCE6874F /* libGTM_UIFont+LineHeight.a */; };
		BF6A2E781F704C5B9DD82E46 /* APPLocalNotification.m in Sources */ = {isa = PBXBuildFile; fileRef = D6BF51677B1540FEA7DAF2E0 /* APPLocalNotification.m */; };
		C17D66A58F444C56A4696457 /* libGcmLib.a in Frameworks */ = {isa = PBXBuildFile; fileRef = 769986C1D1F64822B5DEF596 /* libGcmLib.a */; };
		C68308E57800424BA33CAFB7 /* CDVSplashScreen.m in Sources */ = {isa = PBXBuildFile; fileRef = 600D58832F014B6A9A16F308 /* CDVSplashScreen.m */; };
		C78D9EDCBE6D4E4FAB92265C /* libProtocolBuffers.a in Frameworks */ = {isa = PBXBuildFile; fileRef = A604C57091FF42168A66047C /* libProtocolBuffers.a */; };
		C82D51C62A004C5F86556F20 /* AudioToolbox.framework in Frameworks */ = {isa = PBXBuildFile; fileRef = 98C39C1A19C24A00BD1B495F /* AudioToolbox.framework */; settings = {ATTRIBUTES = (Weak, ); }; };
		CC7C58F2588148C696C24156 /* libGTM_RoundedRectPath.a in Frameworks */ = {isa = PBXBuildFile; fileRef = 87675CAC83634453964D3341 /* libGTM_RoundedRectPath.a */; };
		D216D3348F3E4B7C84A66A70 /* libGTM_core.a in Frameworks */ = {isa = PBXBuildFile; fileRef = F0753CE31EC146C093F0637A /* libGTM_core.a */; };
		D4A0D8761607E02300AEF8BB /* Default-568h@2x~iphone.png in Resources */ = {isa = PBXBuildFile; fileRef = D4A0D8751607E02300AEF8BB /* Default-568h@2x~iphone.png */; };
		D4FE1D23C4794AD686C06F99 /* APPLocalNotificationOptions.m in Sources */ = {isa = PBXBuildFile; fileRef = 07B17FCF4F244D9F99A2F375 /* APPLocalNotificationOptions.m */; };
		D7199913E2EE45249754BF22 /* libGTMSessionFetcher_core.a in Frameworks */ = {isa = PBXBuildFile; fileRef = A4A7714EBB6D4AD1BB5BE1B9 /* libGTMSessionFetcher_core.a */; };
		EE402A3599894DBC8C1B01DA /* AppDelegate+APPAppEvent.m in Sources */ = {isa = PBXBuildFile; fileRef = 4605ACE4A0F64A24BCA597A6 /* AppDelegate+APPAppEvent.m */; };
		EEAA9F39EAF54EF0B7F02917 /* libGGLCore.a in Frameworks */ = {isa = PBXBuildFile; fileRef = EF8D9D1EA41640498E4EBA8A /* libGGLCore.a */; };
		F8C769E27B0C437A9D23D29D /* libGTMStackTrace.a in Frameworks */ = {isa = PBXBuildFile; fileRef = 6355BCD33736425C9F24EDDC /* libGTMStackTrace.a */; };
		FCF67C83A88D43CD822F3F21 /* libGTM_StringEncoding.a in Frameworks */ = {isa = PBXBuildFile; fileRef = 29B3A59837D24E628E9DBCCC /* libGTM_StringEncoding.a */; };
/* End PBXBuildFile section */

/* Begin PBXContainerItemProxy section */
		301BF534109A57CC0062928A /* PBXContainerItemProxy */ = {
			isa = PBXContainerItemProxy;
			containerPortal = 301BF52D109A57CC0062928A /* CordovaLib.xcodeproj */;
			proxyType = 2;
			remoteGlobalIDString = D2AAC07E0554694100DB518D;
			remoteInfo = CordovaLib;
		};
		301BF550109A68C00062928A /* PBXContainerItemProxy */ = {
			isa = PBXContainerItemProxy;
			containerPortal = 301BF52D109A57CC0062928A /* CordovaLib.xcodeproj */;
			proxyType = 1;
			remoteGlobalIDString = D2AAC07D0554694100DB518D;
			remoteInfo = CordovaLib;
		};
/* End PBXContainerItemProxy section */

/* Begin PBXFileReference section */
		07B17FCF4F244D9F99A2F375 /* APPLocalNotificationOptions.m */ = {isa = PBXFileReference; explicitFileType = undefined; fileEncoding = 4; includeInIndex = 0; lastKnownFileType = sourcecode.c.objc; name = APPLocalNotificationOptions.m; path = "de.appplant.cordova.plugin.local-notification/APPLocalNotificationOptions.m"; sourceTree = "<group>"; };
		0F70406808814C6A87D1F054 /* CDVReachability.m */ = {isa = PBXFileReference; explicitFileType = undefined; fileEncoding = 4; includeInIndex = 0; lastKnownFileType = sourcecode.c.objc; name = CDVReachability.m; path = "cordova-plugin-network-information/CDVReachability.m"; sourceTree = "<group>"; };
		1906C25022D84881AFB8C7E3 /* libGGLCloudMessaging.a */ = {isa = PBXFileReference; explicitFileType = undefined; fileEncoding = 9; includeInIndex = 0; lastKnownFileType = archive.ar; name = libGGLCloudMessaging.a; path = "Reflect.UP/Plugins/phonegap-plugin-push/GCM/Libraries/libGGLCloudMessaging.a"; sourceTree = "<group>"; };
		1B63120B7DDD47CF9120DCE0 /* libGTM_KVO.a */ = {isa = PBXFileReference; explicitFileType = undefined; fileEncoding = 9; includeInIndex = 0; lastKnownFileType = archive.ar; name = libGTM_KVO.a; path = "Reflect.UP/Plugins/phonegap-plugin-push/GCM/Libraries/libGTM_KVO.a"; sourceTree = "<group>"; };
		1D3623240D0F684500981E51 /* AppDelegate.h */ = {isa = PBXFileReference; fileEncoding = 4; lastKnownFileType = sourcecode.c.h; path = AppDelegate.h; sourceTree = "<group>"; };
		1D3623250D0F684500981E51 /* AppDelegate.m */ = {isa = PBXFileReference; fileEncoding = 4; lastKnownFileType = sourcecode.c.objc; path = AppDelegate.m; sourceTree = "<group>"; };
		1D3A9ED3609A4FC2810BE017 /* GGLInstanceID.h */ = {isa = PBXFileReference; explicitFileType = undefined; fileEncoding = 4; includeInIndex = 0; lastKnownFileType = sourcecode.c.h; name = GGLInstanceID.h; path = "phonegap-plugin-push/GCM/Headers/GGLInstanceID.h"; sourceTree = "<group>"; };
		1D6058910D05DD3D006BFB54 /* Reflect.UP.app */ = {isa = PBXFileReference; explicitFileType = wrapper.application; includeInIndex = 0; path = Reflect.UP.app; sourceTree = BUILT_PRODUCTS_DIR; };
		1F933AA22ADA4A3C8E9AA127 /* libGTM_Regex.a */ = {isa = PBXFileReference; explicitFileType = undefined; fileEncoding = 9; includeInIndex = 0; lastKnownFileType = archive.ar; name = libGTM_Regex.a; path = "Reflect.UP/Plugins/phonegap-plugin-push/GCM/Libraries/libGTM_Regex.a"; sourceTree = "<group>"; };
		288765FC0DF74451002DB57D /* CoreGraphics.framework */ = {isa = PBXFileReference; lastKnownFileType = wrapper.framework; name = CoreGraphics.framework; path = System/Library/Frameworks/CoreGraphics.framework; sourceTree = SDKROOT; };
		290A085FC93843DDAF172C23 /* CDVDevice.m */ = {isa = PBXFileReference; explicitFileType = undefined; fileEncoding = 4; includeInIndex = 0; lastKnownFileType = sourcecode.c.objc; name = CDVDevice.m; path = "cordova-plugin-device/CDVDevice.m"; sourceTree = "<group>"; };
		29B3A59837D24E628E9DBCCC /* libGTM_StringEncoding.a */ = {isa = PBXFileReference; explicitFileType = undefined; fileEncoding = 9; includeInIndex = 0; lastKnownFileType = archive.ar; name = libGTM_StringEncoding.a; path = "Reflect.UP/Plugins/phonegap-plugin-push/GCM/Libraries/libGTM_StringEncoding.a"; sourceTree = "<group>"; };
		29B97316FDCFA39411CA2CEA /* main.m */ = {isa = PBXFileReference; fileEncoding = 4; lastKnownFileType = sourcecode.c.objc; path = main.m; sourceTree = "<group>"; };
		2A5545FB123747E18A9858A4 /* GCMReceiverDelegate.h */ = {isa = PBXFileReference; explicitFileType = undefined; fileEncoding = 4; includeInIndex = 0; lastKnownFileType = sourcecode.c.h; name = GCMReceiverDelegate.h; path = "phonegap-plugin-push/GCM/Headers/GCMReceiverDelegate.h"; sourceTree = "<group>"; };
		2E4C7FBA223B4938BD0099C6 /* CDVPlugin+APPAppEvent.h */ = {isa = PBXFileReference; explicitFileType = undefined; fileEncoding = 4; includeInIndex = 0; lastKnownFileType = sourcecode.c.h; name = "CDVPlugin+APPAppEvent.h"; path = "cordova-plugin-app-event/CDVPlugin+APPAppEvent.h"; sourceTree = "<group>"; };
		301BF52D109A57CC0062928A /* CordovaLib.xcodeproj */ = {isa = PBXFileReference; lastKnownFileType = "wrapper.pb-project"; name = CordovaLib.xcodeproj; path = CordovaLib/CordovaLib.xcodeproj; sourceTree = "<group>"; };
		301BF56E109A69640062928A /* www */ = {isa = PBXFileReference; lastKnownFileType = folder; path = www; sourceTree = SOURCE_ROOT; };
		3028CDABF87449F1A3FBCAF0 /* CDVViewController+SplashScreen.m */ = {isa = PBXFileReference; explicitFileType = undefined; fileEncoding = 4; includeInIndex = 0; lastKnownFileType = sourcecode.c.objc; name = "CDVViewController+SplashScreen.m"; path = "cordova-plugin-splashscreen/CDVViewController+SplashScreen.m"; sourceTree = "<group>"; };
		302D95EE14D2391D003F00A1 /* MainViewController.h */ = {isa = PBXFileReference; fileEncoding = 4; lastKnownFileType = sourcecode.c.h; path = MainViewController.h; sourceTree = "<group>"; };
		302D95EF14D2391D003F00A1 /* MainViewController.m */ = {isa = PBXFileReference; fileEncoding = 4; lastKnownFileType = sourcecode.c.objc; path = MainViewController.m; sourceTree = "<group>"; };
		302D95F014D2391D003F00A1 /* MainViewController.xib */ = {isa = PBXFileReference; fileEncoding = 4; lastKnownFileType = file.xib; path = MainViewController.xib; sourceTree = "<group>"; };
		305D5FD0115AB8F900A74A75 /* MobileCoreServices.framework */ = {isa = PBXFileReference; lastKnownFileType = wrapper.framework; name = MobileCoreServices.framework; path = System/Library/Frameworks/MobileCoreServices.framework; sourceTree = SDKROOT; };
		3088BBB7154F3926009F9C59 /* Default-Landscape@2x~ipad.png */ = {isa = PBXFileReference; lastKnownFileType = image.png; path = "Default-Landscape@2x~ipad.png"; sourceTree = "<group>"; };
		3088BBB8154F3926009F9C59 /* Default-Landscape~ipad.png */ = {isa = PBXFileReference; lastKnownFileType = image.png; path = "Default-Landscape~ipad.png"; sourceTree = "<group>"; };
		3088BBB9154F3926009F9C59 /* Default-Portrait@2x~ipad.png */ = {isa = PBXFileReference; lastKnownFileType = image.png; path = "Default-Portrait@2x~ipad.png"; sourceTree = "<group>"; };
		3088BBBA154F3926009F9C59 /* Default-Portrait~ipad.png */ = {isa = PBXFileReference; lastKnownFileType = image.png; path = "Default-Portrait~ipad.png"; sourceTree = "<group>"; };
		3088BBBB154F3926009F9C59 /* Default@2x~iphone.png */ = {isa = PBXFileReference; lastKnownFileType = image.png; path = "Default@2x~iphone.png"; sourceTree = "<group>"; };
		3088BBBC154F3926009F9C59 /* Default~iphone.png */ = {isa = PBXFileReference; lastKnownFileType = image.png; path = "Default~iphone.png"; sourceTree = "<group>"; };
		308D052E1370CCF300D202BF /* icon-72.png */ = {isa = PBXFileReference; lastKnownFileType = image.png; path = "icon-72.png"; sourceTree = "<group>"; };
		308D052F1370CCF300D202BF /* icon.png */ = {isa = PBXFileReference; lastKnownFileType = image.png; path = icon.png; sourceTree = "<group>"; };
		308D05301370CCF300D202BF /* icon@2x.png */ = {isa = PBXFileReference; lastKnownFileType = image.png; path = "icon@2x.png"; sourceTree = "<group>"; };
		30B4F2FD19D5E07200D9F7D8 /* Default-667h.png */ = {isa = PBXFileReference; lastKnownFileType = image.png; path = "Default-667h.png"; sourceTree = "<group>"; };
		30B4F2FE19D5E07200D9F7D8 /* Default-736h.png */ = {isa = PBXFileReference; lastKnownFileType = image.png; path = "Default-736h.png"; sourceTree = "<group>"; };
		30B4F2FF19D5E07200D9F7D8 /* Default-Landscape-736h.png */ = {isa = PBXFileReference; lastKnownFileType = image.png; path = "Default-Landscape-736h.png"; sourceTree = "<group>"; };
		30C1856519D5FC0A00212699 /* icon-60@3x.png */ = {isa = PBXFileReference; lastKnownFileType = image.png; path = "icon-60@3x.png"; sourceTree = "<group>"; };
		30FC414816E50CA1004E6F35 /* icon-72@2x.png */ = {isa = PBXFileReference; lastKnownFileType = image.png; path = "icon-72@2x.png"; sourceTree = "<group>"; };
		32CA4F630368D1EE00C91783 /* Reflect.UP-Prefix.pch */ = {isa = PBXFileReference; fileEncoding = 4; lastKnownFileType = sourcecode.c.h; path = "Reflect.UP-Prefix.pch"; sourceTree = "<group>"; };
		34C2B0B49D4A4DBF86C281D8 /* libGGLInstanceIDLib.a */ = {isa = PBXFileReference; explicitFileType = undefined; fileEncoding = 9; includeInIndex = 0; lastKnownFileType = archive.ar; name = libGGLInstanceIDLib.a; path = "Reflect.UP/Plugins/phonegap-plugin-push/GCM/Libraries/libGGLInstanceIDLib.a"; sourceTree = "<group>"; };
		37D6D4B264534F41AA102332 /* CDVNotification.bundle */ = {isa = PBXFileReference; explicitFileType = undefined; fileEncoding = 9; includeInIndex = 0; lastKnownFileType = "wrapper.plug-in"; path = CDVNotification.bundle; sourceTree = "<group>"; };
		3851100DAAAE4792B700F7B0 /* libGTM_NSDictionary+URLArguments.a */ = {isa = PBXFileReference; explicitFileType = undefined; fileEncoding = 9; includeInIndex = 0; lastKnownFileType = archive.ar; name = "libGTM_NSDictionary+URLArguments.a"; path = "Reflect.UP/Plugins/phonegap-plugin-push/GCM/Libraries/libGTM_NSDictionary+URLArguments.a"; sourceTree = "<group>"; };
		3D82F2E35F17405ABE07510A /* libsqlite3.tbd */ = {isa = PBXFileReference; explicitFileType = undefined; fileEncoding = 9; includeInIndex = 0; lastKnownFileType = "sourcecode.text-based-dylib-definition"; name = libsqlite3.tbd; path = usr/lib/libsqlite3.tbd; sourceTree = SDKROOT; };
		40E6A8681164447F986F30FA /* GGLContext.h */ = {isa = PBXFileReference; explicitFileType = undefined; fileEncoding = 4; includeInIndex = 0; lastKnownFileType = sourcecode.c.h; name = GGLContext.h; path = "phonegap-plugin-push/GCM/Headers/GGLContext.h"; sourceTree = "<group>"; };
		43E9507A92084A7D89EC82A0 /* APPLocalNotificationOptions.h */ = {isa = PBXFileReference; explicitFileType = undefined; fileEncoding = 4; includeInIndex = 0; lastKnownFileType = sourcecode.c.h; name = APPLocalNotificationOptions.h; path = "de.appplant.cordova.plugin.local-notification/APPLocalNotificationOptions.h"; sourceTree = "<group>"; };
		43FD725491EC439FB2EB5327 /* libGTMSessionFetcher_full.a */ = {isa = PBXFileReference; explicitFileType = undefined; fileEncoding = 9; includeInIndex = 0; lastKnownFileType = archive.ar; name = libGTMSessionFetcher_full.a; path = "Reflect.UP/Plugins/phonegap-plugin-push/GCM/Libraries/libGTMSessionFetcher_full.a"; sourceTree = "<group>"; };
		44AD71843E824616A52AFB73 /* CDVLogger.h */ = {isa = PBXFileReference; explicitFileType = undefined; fileEncoding = 4; includeInIndex = 0; lastKnownFileType = sourcecode.c.h; name = CDVLogger.h; path = "cordova-plugin-console/CDVLogger.h"; sourceTree = "<group>"; };
		44C43E67301F4C7697AA3B0C /* libGTM_iPhone.a */ = {isa = PBXFileReference; explicitFileType = undefined; fileEncoding = 9; includeInIndex = 0; lastKnownFileType = archive.ar; name = libGTM_iPhone.a; path = "Reflect.UP/Plugins/phonegap-plugin-push/GCM/Libraries/libGTM_iPhone.a"; sourceTree = "<group>"; };
		4605ACE4A0F64A24BCA597A6 /* AppDelegate+APPAppEvent.m */ = {isa = PBXFileReference; explicitFileType = undefined; fileEncoding = 4; includeInIndex = 0; lastKnownFileType = sourcecode.c.objc; name = "AppDelegate+APPAppEvent.m"; path = "cordova-plugin-app-event/AppDelegate+APPAppEvent.m"; sourceTree = "<group>"; };
		4696C26D3DE743CEBD4A12F5 /* GGLInstanceIDDelegate.h */ = {isa = PBXFileReference; explicitFileType = undefined; fileEncoding = 4; includeInIndex = 0; lastKnownFileType = sourcecode.c.h; name = GGLInstanceIDDelegate.h; path = "phonegap-plugin-push/GCM/Headers/GGLInstanceIDDelegate.h"; sourceTree = "<group>"; };
		46AFE9FABA30481A8CFBE7F3 /* CoreTelephony.framework */ = {isa = PBXFileReference; explicitFileType = undefined; fileEncoding = 9; includeInIndex = 0; lastKnownFileType = wrapper.framework; name = CoreTelephony.framework; path = System/Library/Frameworks/CoreTelephony.framework; sourceTree = SDKROOT; };
		48186BFB0067422C8FBA6E82 /* UIApplication+APPLocalNotification.h */ = {isa = PBXFileReference; explicitFileType = undefined; fileEncoding = 4; includeInIndex = 0; lastKnownFileType = sourcecode.c.h; name = "UIApplication+APPLocalNotification.h"; path = "de.appplant.cordova.plugin.local-notification/UIApplication+APPLocalNotification.h"; sourceTree = "<group>"; };
		4C332A586C594D2B89766E58 /* AddressBook.framework */ = {isa = PBXFileReference; explicitFileType = undefined; fileEncoding = 9; includeInIndex = 0; lastKnownFileType = wrapper.framework; name = AddressBook.framework; path = System/Library/Frameworks/AddressBook.framework; sourceTree = SDKROOT; };
		4F900D99C6CC459CAC7DF421 /* PushPlugin.m */ = {isa = PBXFileReference; explicitFileType = undefined; fileEncoding = 4; includeInIndex = 0; lastKnownFileType = sourcecode.c.objc; name = PushPlugin.m; path = "phonegap-plugin-push/PushPlugin.m"; sourceTree = "<group>"; };
		50C5DEEFFCD34AEAB5C937E3 /* libGTM_NSStringXML.a */ = {isa = PBXFileReference; explicitFileType = undefined; fileEncoding = 9; includeInIndex = 0; lastKnownFileType = archive.ar; name = libGTM_NSStringXML.a; path = "Reflect.UP/Plugins/phonegap-plugin-push/GCM/Libraries/libGTM_NSStringXML.a"; sourceTree = "<group>"; };
		5827004631F5437C8EABB004 /* APPLocalNotification.h */ = {isa = PBXFileReference; explicitFileType = undefined; fileEncoding = 4; includeInIndex = 0; lastKnownFileType = sourcecode.c.h; name = APPLocalNotification.h; path = "de.appplant.cordova.plugin.local-notification/APPLocalNotification.h"; sourceTree = "<group>"; };
		5B1594DC16A7569C00FEF299 /* AssetsLibrary.framework */ = {isa = PBXFileReference; lastKnownFileType = wrapper.framework; name = AssetsLibrary.framework; path = System/Library/Frameworks/AssetsLibrary.framework; sourceTree = SDKROOT; };
		5F675C0AAE5945F0AAF5DC9F /* CDVNotification.h */ = {isa = PBXFileReference; explicitFileType = undefined; fileEncoding = 4; includeInIndex = 0; lastKnownFileType = sourcecode.c.h; name = CDVNotification.h; path = "cordova-plugin-dialogs/CDVNotification.h"; sourceTree = "<group>"; };
		600D58832F014B6A9A16F308 /* CDVSplashScreen.m */ = {isa = PBXFileReference; explicitFileType = undefined; fileEncoding = 4; includeInIndex = 0; lastKnownFileType = sourcecode.c.objc; name = CDVSplashScreen.m; path = "cordova-plugin-splashscreen/CDVSplashScreen.m"; sourceTree = "<group>"; };
		6355BCD33736425C9F24EDDC /* libGTMStackTrace.a */ = {isa = PBXFileReference; explicitFileType = undefined; fileEncoding = 9; includeInIndex = 0; lastKnownFileType = archive.ar; name = libGTMStackTrace.a; path = "Reflect.UP/Plugins/phonegap-plugin-push/GCM/Libraries/libGTMStackTrace.a"; sourceTree = "<group>"; };
		666B1B8448944FE0B14DA72D /* GGLInstanceIDHeaders.h */ = {isa = PBXFileReference; explicitFileType = undefined; fileEncoding = 4; includeInIndex = 0; lastKnownFileType = sourcecode.c.h; name = GGLInstanceIDHeaders.h; path = "phonegap-plugin-push/GCM/Headers/GGLInstanceIDHeaders.h"; sourceTree = "<group>"; };
		68F8F004448A494C8AB97F02 /* CloudMessaging.h */ = {isa = PBXFileReference; explicitFileType = undefined; fileEncoding = 4; includeInIndex = 0; lastKnownFileType = sourcecode.c.h; name = CloudMessaging.h; path = "phonegap-plugin-push/GCM/Headers/CloudMessaging.h"; sourceTree = "<group>"; };
		6C34148E126A4CF7BF2B6BBB /* CDVConnection.m */ = {isa = PBXFileReference; explicitFileType = undefined; fileEncoding = 4; includeInIndex = 0; lastKnownFileType = sourcecode.c.objc; name = CDVConnection.m; path = "cordova-plugin-network-information/CDVConnection.m"; sourceTree = "<group>"; };
		6F219F5C59C247DF8A39B07F /* CDVInAppBrowser.m */ = {isa = PBXFileReference; explicitFileType = undefined; fileEncoding = 4; includeInIndex = 0; lastKnownFileType = sourcecode.c.objc; name = CDVInAppBrowser.m; path = "cordova-plugin-inappbrowser/CDVInAppBrowser.m"; sourceTree = "<group>"; };
		6FB3F8364DEC413D819BA3D7 /* libGTM_NSData+zlib.a */ = {isa = PBXFileReference; explicitFileType = undefined; fileEncoding = 9; includeInIndex = 0; lastKnownFileType = archive.ar; name = "libGTM_NSData+zlib.a"; path = "Reflect.UP/Plugins/phonegap-plugin-push/GCM/Libraries/libGTM_NSData+zlib.a"; sourceTree = "<group>"; };
		769986C1D1F64822B5DEF596 /* libGcmLib.a */ = {isa = PBXFileReference; explicitFileType = undefined; fileEncoding = 9; includeInIndex = 0; lastKnownFileType = archive.ar; name = libGcmLib.a; path = "Reflect.UP/Plugins/phonegap-plugin-push/GCM/Libraries/libGcmLib.a"; sourceTree = "<group>"; };
		77B950C11DF84377B1E4C140 /* GGLConfiguration.h */ = {isa = PBXFileReference; explicitFileType = undefined; fileEncoding = 4; includeInIndex = 0; lastKnownFileType = sourcecode.c.h; name = GGLConfiguration.h; path = "phonegap-plugin-push/GCM/Headers/GGLConfiguration.h"; sourceTree = "<group>"; };
		78A4D09BC25642C58D92606D /* UILocalNotification+APPLocalNotification.h */ = {isa = PBXFileReference; explicitFileType = undefined; fileEncoding = 4; includeInIndex = 0; lastKnownFileType = sourcecode.c.h; name = "UILocalNotification+APPLocalNotification.h"; path = "de.appplant.cordova.plugin.local-notification/UILocalNotification+APPLocalNotification.h"; sourceTree = "<group>"; };
		7E704E90DF9643BABAC82BF3 /* GCMConfig.h */ = {isa = PBXFileReference; explicitFileType = undefined; fileEncoding = 4; includeInIndex = 0; lastKnownFileType = sourcecode.c.h; name = GCMConfig.h; path = "phonegap-plugin-push/GCM/Headers/GCMConfig.h"; sourceTree = "<group>"; };
		7E7966D41810823500FA85AD /* icon-40.png */ = {isa = PBXFileReference; lastKnownFileType = image.png; path = "icon-40.png"; sourceTree = "<group>"; };
		7E7966D51810823500FA85AD /* icon-40@2x.png */ = {isa = PBXFileReference; lastKnownFileType = image.png; path = "icon-40@2x.png"; sourceTree = "<group>"; };
		7E7966D61810823500FA85AD /* icon-50.png */ = {isa = PBXFileReference; lastKnownFileType = image.png; path = "icon-50.png"; sourceTree = "<group>"; };
		7E7966D71810823500FA85AD /* icon-50@2x.png */ = {isa = PBXFileReference; lastKnownFileType = image.png; path = "icon-50@2x.png"; sourceTree = "<group>"; };
		7E7966D81810823500FA85AD /* icon-60.png */ = {isa = PBXFileReference; lastKnownFileType = image.png; path = "icon-60.png"; sourceTree = "<group>"; };
		7E7966D91810823500FA85AD /* icon-60@2x.png */ = {isa = PBXFileReference; lastKnownFileType = image.png; path = "icon-60@2x.png"; sourceTree = "<group>"; };
		7E7966DA1810823500FA85AD /* icon-76.png */ = {isa = PBXFileReference; lastKnownFileType = image.png; path = "icon-76.png"; sourceTree = "<group>"; };
		7E7966DB1810823500FA85AD /* icon-76@2x.png */ = {isa = PBXFileReference; lastKnownFileType = image.png; path = "icon-76@2x.png"; sourceTree = "<group>"; };
		7E7966DC1810823500FA85AD /* icon-small.png */ = {isa = PBXFileReference; lastKnownFileType = image.png; path = "icon-small.png"; sourceTree = "<group>"; };
		7E7966DD1810823500FA85AD /* icon-small@2x.png */ = {isa = PBXFileReference; lastKnownFileType = image.png; path = "icon-small@2x.png"; sourceTree = "<group>"; };
		85E16A88259A4BB39F106D81 /* CDVStatusBar.m */ = {isa = PBXFileReference; explicitFileType = undefined; fileEncoding = 4; includeInIndex = 0; lastKnownFileType = sourcecode.c.objc; name = CDVStatusBar.m; path = "cordova-plugin-statusbar/CDVStatusBar.m"; sourceTree = "<group>"; };
		87675CAC83634453964D3341 /* libGTM_RoundedRectPath.a */ = {isa = PBXFileReference; explicitFileType = undefined; fileEncoding = 9; includeInIndex = 0; lastKnownFileType = archive.ar; name = libGTM_RoundedRectPath.a; path = "Reflect.UP/Plugins/phonegap-plugin-push/GCM/Libraries/libGTM_RoundedRectPath.a"; sourceTree = "<group>"; };
		895B3892BD9140EEA9D86D44 /* libz.tbd */ = {isa = PBXFileReference; explicitFileType = undefined; fileEncoding = 9; includeInIndex = 0; lastKnownFileType = "sourcecode.text-based-dylib-definition"; name = libz.tbd; path = usr/lib/libz.tbd; sourceTree = SDKROOT; };
		8D1107310486CEB800E47090 /* Reflect.UP-Info.plist */ = {isa = PBXFileReference; fileEncoding = 4; lastKnownFileType = text.plist.xml; name = "Reflect.UP-Info.plist"; path = "../Reflect.UP-Info.plist"; plistStructureDefinitionIdentifier = "com.apple.xcode.plist.structure-definition.iphone.info-plist"; sourceTree = "<group>"; };
		8E94296A385C416B8F0ADE16 /* CDVStatusBar.h */ = {isa = PBXFileReference; explicitFileType = undefined; fileEncoding = 4; includeInIndex = 0; lastKnownFileType = sourcecode.c.h; name = CDVStatusBar.h; path = "cordova-plugin-statusbar/CDVStatusBar.h"; sourceTree = "<group>"; };
		9706426E31924234BB79829A /* GCMPubSub.h */ = {isa = PBXFileReference; explicitFileType = undefined; fileEncoding = 4; includeInIndex = 0; lastKnownFileType = sourcecode.c.h; name = GCMPubSub.h; path = "phonegap-plugin-push/GCM/Headers/GCMPubSub.h"; sourceTree = "<group>"; };
		978D85E0542C445496BFAF8F /* libGTM_GTMURLBuilder.a */ = {isa = PBXFileReference; explicitFileType = undefined; fileEncoding = 9; includeInIndex = 0; lastKnownFileType = archive.ar; name = libGTM_GTMURLBuilder.a; path = "Reflect.UP/Plugins/phonegap-plugin-push/GCM/Libraries/libGTM_GTMURLBuilder.a"; sourceTree = "<group>"; };
		985A072B1C3A4434BB2084DF /* GCMService.h */ = {isa = PBXFileReference; explicitFileType = undefined; fileEncoding = 4; includeInIndex = 0; lastKnownFileType = sourcecode.c.h; name = GCMService.h; path = "phonegap-plugin-push/GCM/Headers/GCMService.h"; sourceTree = "<group>"; };
		98C39C1A19C24A00BD1B495F /* AudioToolbox.framework */ = {isa = PBXFileReference; explicitFileType = undefined; fileEncoding = 9; includeInIndex = 0; lastKnownFileType = wrapper.framework; name = AudioToolbox.framework; path = System/Library/Frameworks/AudioToolbox.framework; sourceTree = SDKROOT; };
		9EAB716EE24A43F3BCE6874F /* libGTM_UIFont+LineHeight.a */ = {isa = PBXFileReference; explicitFileType = undefined; fileEncoding = 9; includeInIndex = 0; lastKnownFileType = archive.ar; name = "libGTM_UIFont+LineHeight.a"; path = "Reflect.UP/Plugins/phonegap-plugin-push/GCM/Libraries/libGTM_UIFont+LineHeight.a"; sourceTree = "<group>"; };
		A325CAF27F7F45CF9C97E932 /* libGIP_Reachability.a */ = {isa = PBXFileReference; explicitFileType = undefined; fileEncoding = 9; includeInIndex = 0; lastKnownFileType = archive.ar; name = libGIP_Reachability.a; path = "Reflect.UP/Plugins/phonegap-plugin-push/GCM/Libraries/libGIP_Reachability.a"; sourceTree = "<group>"; };
		A4A7714EBB6D4AD1BB5BE1B9 /* libGTMSessionFetcher_core.a */ = {isa = PBXFileReference; explicitFileType = undefined; fileEncoding = 9; includeInIndex = 0; lastKnownFileType = archive.ar; name = libGTMSessionFetcher_core.a; path = "Reflect.UP/Plugins/phonegap-plugin-push/GCM/Libraries/libGTMSessionFetcher_core.a"; sourceTree = "<group>"; };
		A604C57091FF42168A66047C /* libProtocolBuffers.a */ = {isa = PBXFileReference; explicitFileType = undefined; fileEncoding = 9; includeInIndex = 0; lastKnownFileType = archive.ar; name = libProtocolBuffers.a; path = "Reflect.UP/Plugins/phonegap-plugin-push/GCM/Libraries/libProtocolBuffers.a"; sourceTree = "<group>"; };
		A8BDA2C584374B5291BD1480 /* CDVDevice.h */ = {isa = PBXFileReference; explicitFileType = undefined; fileEncoding = 4; includeInIndex = 0; lastKnownFileType = sourcecode.c.h; name = CDVDevice.h; path = "cordova-plugin-device/CDVDevice.h"; sourceTree = "<group>"; };
		AB17EBB1117A4AF094BFA9BB /* libGTM_NSStringHTML.a */ = {isa = PBXFileReference; explicitFileType = undefined; fileEncoding = 9; includeInIndex = 0; lastKnownFileType = archive.ar; name = libGTM_NSStringHTML.a; path = "Reflect.UP/Plugins/phonegap-plugin-push/GCM/Libraries/libGTM_NSStringHTML.a"; sourceTree = "<group>"; };
		AF1C1EC84AAB41F8B4E17A61 /* APPAppEventDelegate.h */ = {isa = PBXFileReference; explicitFileType = undefined; fileEncoding = 4; includeInIndex = 0; lastKnownFileType = sourcecode.c.h; name = APPAppEventDelegate.h; path = "cordova-plugin-app-event/APPAppEventDelegate.h"; sourceTree = "<group>"; };
		AF5D077CB2844FB1B9E712F1 /* CDVConnection.h */ = {isa = PBXFileReference; explicitFileType = undefined; fileEncoding = 4; includeInIndex = 0; lastKnownFileType = sourcecode.c.h; name = CDVConnection.h; path = "cordova-plugin-network-information/CDVConnection.h"; sourceTree = "<group>"; };
		B078432BBA014BD4BAE8EEE7 /* CDVLogger.m */ = {isa = PBXFileReference; explicitFileType = undefined; fileEncoding = 4; includeInIndex = 0; lastKnownFileType = sourcecode.c.objc; name = CDVLogger.m; path = "cordova-plugin-console/CDVLogger.m"; sourceTree = "<group>"; };
		B22B3A653E9C4D1BA7203531 /* UIApplication+APPLocalNotification.m */ = {isa = PBXFileReference; explicitFileType = undefined; fileEncoding = 4; includeInIndex = 0; lastKnownFileType = sourcecode.c.objc; name = "UIApplication+APPLocalNotification.m"; path = "de.appplant.cordova.plugin.local-notification/UIApplication+APPLocalNotification.m"; sourceTree = "<group>"; };
		B82170254F0444BE83FF9213 /* PushPlugin.h */ = {isa = PBXFileReference; explicitFileType = undefined; fileEncoding = 4; includeInIndex = 0; lastKnownFileType = sourcecode.c.h; name = PushPlugin.h; path = "phonegap-plugin-push/PushPlugin.h"; sourceTree = "<group>"; };
		BB69F508D3E64998B3A2E7EE /* CDVReachability.h */ = {isa = PBXFileReference; explicitFileType = undefined; fileEncoding = 4; includeInIndex = 0; lastKnownFileType = sourcecode.c.h; name = CDVReachability.h; path = "cordova-plugin-network-information/CDVReachability.h"; sourceTree = "<group>"; };
		BDB9D7465191461EB8BC7226 /* GGLInstanceIDConfig.h */ = {isa = PBXFileReference; explicitFileType = undefined; fileEncoding = 4; includeInIndex = 0; lastKnownFileType = sourcecode.c.h; name = GGLInstanceIDConfig.h; path = "phonegap-plugin-push/GCM/Headers/GGLInstanceIDConfig.h"; sourceTree = "<group>"; };
		BE0B4EB69D5943CBAE22023E /* SystemConfiguration.framework */ = {isa = PBXFileReference; explicitFileType = undefined; fileEncoding = 9; includeInIndex = 0; lastKnownFileType = wrapper.framework; name = SystemConfiguration.framework; path = System/Library/Frameworks/SystemConfiguration.framework; sourceTree = SDKROOT; };
		C3EE340E58894BD8BFE83B08 /* UILocalNotification+APPLocalNotification.m */ = {isa = PBXFileReference; explicitFileType = undefined; fileEncoding = 4; includeInIndex = 0; lastKnownFileType = sourcecode.c.objc; name = "UILocalNotification+APPLocalNotification.m"; path = "de.appplant.cordova.plugin.local-notification/UILocalNotification+APPLocalNotification.m"; sourceTree = "<group>"; };
		CAA8B79BCD9041E7810D6D82 /* CDVInAppBrowser.h */ = {isa = PBXFileReference; explicitFileType = undefined; fileEncoding = 4; includeInIndex = 0; lastKnownFileType = sourcecode.c.h; name = CDVInAppBrowser.h; path = "cordova-plugin-inappbrowser/CDVInAppBrowser.h"; sourceTree = "<group>"; };
		CB1FF65C95DB42E1B4EFDCD8 /* CDVViewController+SplashScreen.h */ = {isa = PBXFileReference; explicitFileType = undefined; fileEncoding = 4; includeInIndex = 0; lastKnownFileType = sourcecode.c.h; name = "CDVViewController+SplashScreen.h"; path = "cordova-plugin-splashscreen/CDVViewController+SplashScreen.h"; sourceTree = "<group>"; };
		CB6D3A88C37B4170AC14DE6F /* GoogleCloudMessaging.h */ = {isa = PBXFileReference; explicitFileType = undefined; fileEncoding = 4; includeInIndex = 0; lastKnownFileType = sourcecode.c.h; name = GoogleCloudMessaging.h; path = "phonegap-plugin-push/GCM/Headers/GoogleCloudMessaging.h"; sourceTree = "<group>"; };
		CE0E3508D42848EB881371FE /* CDVNotification.m */ = {isa = PBXFileReference; explicitFileType = undefined; fileEncoding = 4; includeInIndex = 0; lastKnownFileType = sourcecode.c.objc; name = CDVNotification.m; path = "cordova-plugin-dialogs/CDVNotification.m"; sourceTree = "<group>"; };
		D4A0D8751607E02300AEF8BB /* Default-568h@2x~iphone.png */ = {isa = PBXFileReference; lastKnownFileType = image.png; path = "Default-568h@2x~iphone.png"; sourceTree = "<group>"; };
		D4A9FE55FF47440B8176DA57 /* Core.h */ = {isa = PBXFileReference; explicitFileType = undefined; fileEncoding = 4; includeInIndex = 0; lastKnownFileType = sourcecode.c.h; name = Core.h; path = "phonegap-plugin-push/GCM/Headers/Core.h"; sourceTree = "<group>"; };
		D5930295CDF04B62BED5A84C /* libGTM_SystemVersion.a */ = {isa = PBXFileReference; explicitFileType = undefined; fileEncoding = 9; includeInIndex = 0; lastKnownFileType = archive.ar; name = libGTM_SystemVersion.a; path = "Reflect.UP/Plugins/phonegap-plugin-push/GCM/Libraries/libGTM_SystemVersion.a"; sourceTree = "<group>"; };
		D672BAEABF5F45639F18506E /* GGLErrorCode.h */ = {isa = PBXFileReference; explicitFileType = undefined; fileEncoding = 4; includeInIndex = 0; lastKnownFileType = sourcecode.c.h; name = GGLErrorCode.h; path = "phonegap-plugin-push/GCM/Headers/GGLErrorCode.h"; sourceTree = "<group>"; };
		D6BF51677B1540FEA7DAF2E0 /* APPLocalNotification.m */ = {isa = PBXFileReference; explicitFileType = undefined; fileEncoding = 4; includeInIndex = 0; lastKnownFileType = sourcecode.c.objc; name = APPLocalNotification.m; path = "de.appplant.cordova.plugin.local-notification/APPLocalNotification.m"; sourceTree = "<group>"; };
		DC917B16582A4081A20597B8 /* libGTM_DebugUtils.a */ = {isa = PBXFileReference; explicitFileType = undefined; fileEncoding = 9; includeInIndex = 0; lastKnownFileType = archive.ar; name = libGTM_DebugUtils.a; path = "Reflect.UP/Plugins/phonegap-plugin-push/GCM/Libraries/libGTM_DebugUtils.a"; sourceTree = "<group>"; };
		E018AAC2533F4D1A8D1569D5 /* AppDelegate+APPAppEvent.h */ = {isa = PBXFileReference; explicitFileType = undefined; fileEncoding = 4; includeInIndex = 0; lastKnownFileType = sourcecode.c.h; name = "AppDelegate+APPAppEvent.h"; path = "cordova-plugin-app-event/AppDelegate+APPAppEvent.h"; sourceTree = "<group>"; };
		E265989E169E4B9AAB099E09 /* AppDelegate+notification.m */ = {isa = PBXFileReference; explicitFileType = undefined; fileEncoding = 4; includeInIndex = 0; lastKnownFileType = sourcecode.c.objc; name = "AppDelegate+notification.m"; path = "phonegap-plugin-push/AppDelegate+notification.m"; sourceTree = "<group>"; };
		E959C9EE9C5943E38C148B6D /* GGLContext+CloudMessaging.h */ = {isa = PBXFileReference; explicitFileType = undefined; fileEncoding = 4; includeInIndex = 0; lastKnownFileType = sourcecode.c.h; name = "GGLContext+CloudMessaging.h"; path = "phonegap-plugin-push/GCM/Headers/GGLContext+CloudMessaging.h"; sourceTree = "<group>"; };
		EB87FDF21871DA7A0020F90C /* merges */ = {isa = PBXFileReference; lastKnownFileType = folder; name = merges; path = ../../merges; sourceTree = "<group>"; };
		EB87FDF31871DA8E0020F90C /* www */ = {isa = PBXFileReference; lastKnownFileType = folder; name = www; path = ../../www; sourceTree = "<group>"; };
		EB87FDF41871DAF40020F90C /* config.xml */ = {isa = PBXFileReference; lastKnownFileType = text.xml; name = config.xml; path = ../../config.xml; sourceTree = "<group>"; };
		EE922B1B5D5742DD94EF4AB4 /* AppDelegate+notification.h */ = {isa = PBXFileReference; explicitFileType = undefined; fileEncoding = 4; includeInIndex = 0; lastKnownFileType = sourcecode.c.h; name = "AppDelegate+notification.h"; path = "phonegap-plugin-push/AppDelegate+notification.h"; sourceTree = "<group>"; };
		EF8D9D1EA41640498E4EBA8A /* libGGLCore.a */ = {isa = PBXFileReference; explicitFileType = undefined; fileEncoding = 9; includeInIndex = 0; lastKnownFileType = archive.ar; name = libGGLCore.a; path = "Reflect.UP/Plugins/phonegap-plugin-push/GCM/Libraries/libGGLCore.a"; sourceTree = "<group>"; };
		F0753CE31EC146C093F0637A /* libGTM_core.a */ = {isa = PBXFileReference; explicitFileType = undefined; fileEncoding = 9; includeInIndex = 0; lastKnownFileType = archive.ar; name = libGTM_core.a; path = "Reflect.UP/Plugins/phonegap-plugin-push/GCM/Libraries/libGTM_core.a"; sourceTree = "<group>"; };
		F38D7B58A5D143B4A0650577 /* CDVPlugin+APPAppEvent.m */ = {isa = PBXFileReference; explicitFileType = undefined; fileEncoding = 4; includeInIndex = 0; lastKnownFileType = sourcecode.c.objc; name = "CDVPlugin+APPAppEvent.m"; path = "cordova-plugin-app-event/CDVPlugin+APPAppEvent.m"; sourceTree = "<group>"; };
		F840E1F0165FE0F500CFE078 /* config.xml */ = {isa = PBXFileReference; lastKnownFileType = text.xml; name = config.xml; path = Reflect.UP/config.xml; sourceTree = "<group>"; };
		F9CE25B12D4F4EF0ABCA8780 /* libGTM_NSScannerJSON.a */ = {isa = PBXFileReference; explicitFileType = undefined; fileEncoding = 9; includeInIndex = 0; lastKnownFileType = archive.ar; name = libGTM_NSScannerJSON.a; path = "Reflect.UP/Plugins/phonegap-plugin-push/GCM/Libraries/libGTM_NSScannerJSON.a"; sourceTree = "<group>"; };
		FA8F48CB22594E8B9879671E /* libGTM_AddressBook.a */ = {isa = PBXFileReference; explicitFileType = undefined; fileEncoding = 9; includeInIndex = 0; lastKnownFileType = archive.ar; name = libGTM_AddressBook.a; path = "Reflect.UP/Plugins/phonegap-plugin-push/GCM/Libraries/libGTM_AddressBook.a"; sourceTree = "<group>"; };
		FADF98AC9D804639BA4E2D65 /* libGSDK_Overload.a */ = {isa = PBXFileReference; explicitFileType = undefined; fileEncoding = 9; includeInIndex = 0; lastKnownFileType = archive.ar; name = libGSDK_Overload.a; path = "Reflect.UP/Plugins/phonegap-plugin-push/GCM/Libraries/libGSDK_Overload.a"; sourceTree = "<group>"; };
		FC1AABF01C814794950DAB54 /* CDVSplashScreen.h */ = {isa = PBXFileReference; explicitFileType = undefined; fileEncoding = 4; includeInIndex = 0; lastKnownFileType = sourcecode.c.h; name = CDVSplashScreen.h; path = "cordova-plugin-splashscreen/CDVSplashScreen.h"; sourceTree = "<group>"; };
/* End PBXFileReference section */

/* Begin PBXFrameworksBuildPhase section */
		1D60588F0D05DD3D006BFB54 /* Frameworks */ = {
			isa = PBXFrameworksBuildPhase;
			buildActionMask = 2147483647;
			files = (
				5B1594DD16A7569C00FEF299 /* AssetsLibrary.framework in Frameworks */,
				301BF552109A68D80062928A /* libCordova.a in Frameworks */,
				288765FD0DF74451002DB57D /* CoreGraphics.framework in Frameworks */,
				305D5FD1115AB8F900A74A75 /* MobileCoreServices.framework in Frameworks */,
				C82D51C62A004C5F86556F20 /* AudioToolbox.framework in Frameworks */,
				27D290FB17A54E74AAB942F8 /* SystemConfiguration.framework in Frameworks */,
				501A49A5B8924A2FBA55C558 /* CoreTelephony.framework in Frameworks */,
				A3FD886A510C4551B2D09990 /* libGGLCloudMessaging.a in Frameworks */,
				EEAA9F39EAF54EF0B7F02917 /* libGGLCore.a in Frameworks */,
				302AA9D8BDC7405B8DD4D6C1 /* libGGLInstanceIDLib.a in Frameworks */,
				A25353641DB1402DBE3DD85B /* libGIP_Reachability.a in Frameworks */,
				A9C47335925E46EBBE6BB841 /* libGSDK_Overload.a in Frameworks */,
				D7199913E2EE45249754BF22 /* libGTMSessionFetcher_core.a in Frameworks */,
				3FAB20AA636F4EA79FA7402A /* libGTMSessionFetcher_full.a in Frameworks */,
				F8C769E27B0C437A9D23D29D /* libGTMStackTrace.a in Frameworks */,
				5D122EBF8C9B4694A9935BAF /* libGTM_AddressBook.a in Frameworks */,
				82B7B11D370F413D9EA577BA /* libGTM_DebugUtils.a in Frameworks */,
				2284920BEA0A4048B77A021F /* libGTM_GTMURLBuilder.a in Frameworks */,
				6C09887DE8F943119B658298 /* libGTM_KVO.a in Frameworks */,
				952A3A3A28CE48729E81479A /* libGTM_NSData+zlib.a in Frameworks */,
				6C05CD5494D84D7690304E9E /* libGTM_NSDictionary+URLArguments.a in Frameworks */,
				245DE330CA1D4A91A4F38CBD /* libGTM_NSScannerJSON.a in Frameworks */,
				673A399D8CDD42D6A9AD3E9E /* libGTM_NSStringHTML.a in Frameworks */,
				86547D3C9C0E434A8CA43254 /* libGTM_NSStringXML.a in Frameworks */,
				3B8FB248BF644802B4927EC7 /* libGTM_Regex.a in Frameworks */,
				CC7C58F2588148C696C24156 /* libGTM_RoundedRectPath.a in Frameworks */,
				FCF67C83A88D43CD822F3F21 /* libGTM_StringEncoding.a in Frameworks */,
				AB469FE9657C4A42AA0976D9 /* libGTM_SystemVersion.a in Frameworks */,
				BDC82170846D4BB5BDFE0754 /* libGTM_UIFont+LineHeight.a in Frameworks */,
				D216D3348F3E4B7C84A66A70 /* libGTM_core.a in Frameworks */,
				46A2991ECF524B978AA5F441 /* libGTM_iPhone.a in Frameworks */,
				C17D66A58F444C56A4696457 /* libGcmLib.a in Frameworks */,
				C78D9EDCBE6D4E4FAB92265C /* libProtocolBuffers.a in Frameworks */,
				A4F2079B623E4BBEBD6DD304 /* AddressBook.framework in Frameworks */,
				6F948ED0CFB44763BFFA0CD8 /* libsqlite3.tbd in Frameworks */,
				15DA404270254DB3952111C4 /* libz.tbd in Frameworks */,
			);
			runOnlyForDeploymentPostprocessing = 0;
		};
/* End PBXFrameworksBuildPhase section */

/* Begin PBXGroup section */
		080E96DDFE201D6D7F000001 /* Classes */ = {
			isa = PBXGroup;
			children = (
				302D95EE14D2391D003F00A1 /* MainViewController.h */,
				302D95EF14D2391D003F00A1 /* MainViewController.m */,
				302D95F014D2391D003F00A1 /* MainViewController.xib */,
				1D3623240D0F684500981E51 /* AppDelegate.h */,
				1D3623250D0F684500981E51 /* AppDelegate.m */,
			);
			name = Classes;
			path = Reflect.UP/Classes;
			sourceTree = SOURCE_ROOT;
		};
		19C28FACFE9D520D11CA2CBB /* Products */ = {
			isa = PBXGroup;
			children = (
				1D6058910D05DD3D006BFB54 /* Reflect.UP.app */,
			);
			name = Products;
			sourceTree = "<group>";
		};
		29B97314FDCFA39411CA2CEA /* CustomTemplate */ = {
			isa = PBXGroup;
			children = (
				EB87FDF41871DAF40020F90C /* config.xml */,
				EB87FDF31871DA8E0020F90C /* www */,
				EB87FDF21871DA7A0020F90C /* merges */,
				EB87FDF11871DA420020F90C /* Staging */,
				301BF52D109A57CC0062928A /* CordovaLib.xcodeproj */,
				080E96DDFE201D6D7F000001 /* Classes */,
				307C750510C5A3420062BCA9 /* Plugins */,
				29B97315FDCFA39411CA2CEA /* Other Sources */,
				29B97317FDCFA39411CA2CEA /* Resources */,
				29B97323FDCFA39411CA2CEA /* Frameworks */,
				19C28FACFE9D520D11CA2CBB /* Products */,
			);
			name = CustomTemplate;
			sourceTree = "<group>";
		};
		29B97315FDCFA39411CA2CEA /* Other Sources */ = {
			isa = PBXGroup;
			children = (
				32CA4F630368D1EE00C91783 /* Reflect.UP-Prefix.pch */,
				29B97316FDCFA39411CA2CEA /* main.m */,
			);
			name = "Other Sources";
			path = Reflect.UP;
			sourceTree = "<group>";
		};
		29B97317FDCFA39411CA2CEA /* Resources */ = {
			isa = PBXGroup;
			children = (
				308D052D1370CCF300D202BF /* icons */,
				308D05311370CCF300D202BF /* splash */,
				8D1107310486CEB800E47090 /* Reflect.UP-Info.plist */,
				37D6D4B264534F41AA102332 /* CDVNotification.bundle */,
			);
			name = Resources;
			path = Reflect.UP/Resources;
			sourceTree = "<group>";
		};
		29B97323FDCFA39411CA2CEA /* Frameworks */ = {
			isa = PBXGroup;
			children = (
				5B1594DC16A7569C00FEF299 /* AssetsLibrary.framework */,
				288765FC0DF74451002DB57D /* CoreGraphics.framework */,
				305D5FD0115AB8F900A74A75 /* MobileCoreServices.framework */,
				98C39C1A19C24A00BD1B495F /* AudioToolbox.framework */,
				BE0B4EB69D5943CBAE22023E /* SystemConfiguration.framework */,
				46AFE9FABA30481A8CFBE7F3 /* CoreTelephony.framework */,
				1906C25022D84881AFB8C7E3 /* libGGLCloudMessaging.a */,
				EF8D9D1EA41640498E4EBA8A /* libGGLCore.a */,
				34C2B0B49D4A4DBF86C281D8 /* libGGLInstanceIDLib.a */,
				A325CAF27F7F45CF9C97E932 /* libGIP_Reachability.a */,
				FADF98AC9D804639BA4E2D65 /* libGSDK_Overload.a */,
				A4A7714EBB6D4AD1BB5BE1B9 /* libGTMSessionFetcher_core.a */,
				43FD725491EC439FB2EB5327 /* libGTMSessionFetcher_full.a */,
				6355BCD33736425C9F24EDDC /* libGTMStackTrace.a */,
				FA8F48CB22594E8B9879671E /* libGTM_AddressBook.a */,
				DC917B16582A4081A20597B8 /* libGTM_DebugUtils.a */,
				978D85E0542C445496BFAF8F /* libGTM_GTMURLBuilder.a */,
				1B63120B7DDD47CF9120DCE0 /* libGTM_KVO.a */,
				6FB3F8364DEC413D819BA3D7 /* libGTM_NSData+zlib.a */,
				3851100DAAAE4792B700F7B0 /* libGTM_NSDictionary+URLArguments.a */,
				F9CE25B12D4F4EF0ABCA8780 /* libGTM_NSScannerJSON.a */,
				AB17EBB1117A4AF094BFA9BB /* libGTM_NSStringHTML.a */,
				50C5DEEFFCD34AEAB5C937E3 /* libGTM_NSStringXML.a */,
				1F933AA22ADA4A3C8E9AA127 /* libGTM_Regex.a */,
				87675CAC83634453964D3341 /* libGTM_RoundedRectPath.a */,
				29B3A59837D24E628E9DBCCC /* libGTM_StringEncoding.a */,
				D5930295CDF04B62BED5A84C /* libGTM_SystemVersion.a */,
				9EAB716EE24A43F3BCE6874F /* libGTM_UIFont+LineHeight.a */,
				F0753CE31EC146C093F0637A /* libGTM_core.a */,
				44C43E67301F4C7697AA3B0C /* libGTM_iPhone.a */,
				769986C1D1F64822B5DEF596 /* libGcmLib.a */,
				A604C57091FF42168A66047C /* libProtocolBuffers.a */,
				4C332A586C594D2B89766E58 /* AddressBook.framework */,
				3D82F2E35F17405ABE07510A /* libsqlite3.tbd */,
				895B3892BD9140EEA9D86D44 /* libz.tbd */,
			);
			name = Frameworks;
			sourceTree = "<group>";
		};
		301BF52E109A57CC0062928A /* Products */ = {
			isa = PBXGroup;
			children = (
				301BF535109A57CC0062928A /* libCordova.a */,
			);
			name = Products;
			sourceTree = "<group>";
		};
		307C750510C5A3420062BCA9 /* Plugins */ = {
			isa = PBXGroup;
			children = (
				4605ACE4A0F64A24BCA597A6 /* AppDelegate+APPAppEvent.m */,
				F38D7B58A5D143B4A0650577 /* CDVPlugin+APPAppEvent.m */,
				E018AAC2533F4D1A8D1569D5 /* AppDelegate+APPAppEvent.h */,
				2E4C7FBA223B4938BD0099C6 /* CDVPlugin+APPAppEvent.h */,
				AF1C1EC84AAB41F8B4E17A61 /* APPAppEventDelegate.h */,
				B078432BBA014BD4BAE8EEE7 /* CDVLogger.m */,
				44AD71843E824616A52AFB73 /* CDVLogger.h */,
				290A085FC93843DDAF172C23 /* CDVDevice.m */,
				A8BDA2C584374B5291BD1480 /* CDVDevice.h */,
				CE0E3508D42848EB881371FE /* CDVNotification.m */,
				5F675C0AAE5945F0AAF5DC9F /* CDVNotification.h */,
				6F219F5C59C247DF8A39B07F /* CDVInAppBrowser.m */,
				CAA8B79BCD9041E7810D6D82 /* CDVInAppBrowser.h */,
				6C34148E126A4CF7BF2B6BBB /* CDVConnection.m */,
				0F70406808814C6A87D1F054 /* CDVReachability.m */,
				AF5D077CB2844FB1B9E712F1 /* CDVConnection.h */,
				BB69F508D3E64998B3A2E7EE /* CDVReachability.h */,
				600D58832F014B6A9A16F308 /* CDVSplashScreen.m */,
				3028CDABF87449F1A3FBCAF0 /* CDVViewController+SplashScreen.m */,
				FC1AABF01C814794950DAB54 /* CDVSplashScreen.h */,
				CB1FF65C95DB42E1B4EFDCD8 /* CDVViewController+SplashScreen.h */,
				85E16A88259A4BB39F106D81 /* CDVStatusBar.m */,
				8E94296A385C416B8F0ADE16 /* CDVStatusBar.h */,
				D6BF51677B1540FEA7DAF2E0 /* APPLocalNotification.m */,
				07B17FCF4F244D9F99A2F375 /* APPLocalNotificationOptions.m */,
				B22B3A653E9C4D1BA7203531 /* UIApplication+APPLocalNotification.m */,
				C3EE340E58894BD8BFE83B08 /* UILocalNotification+APPLocalNotification.m */,
				5827004631F5437C8EABB004 /* APPLocalNotification.h */,
				43E9507A92084A7D89EC82A0 /* APPLocalNotificationOptions.h */,
				48186BFB0067422C8FBA6E82 /* UIApplication+APPLocalNotification.h */,
				78A4D09BC25642C58D92606D /* UILocalNotification+APPLocalNotification.h */,
				E265989E169E4B9AAB099E09 /* AppDelegate+notification.m */,
				4F900D99C6CC459CAC7DF421 /* PushPlugin.m */,
				EE922B1B5D5742DD94EF4AB4 /* AppDelegate+notification.h */,
				B82170254F0444BE83FF9213 /* PushPlugin.h */,
				1D3A9ED3609A4FC2810BE017 /* GGLInstanceID.h */,
				BDB9D7465191461EB8BC7226 /* GGLInstanceIDConfig.h */,
				4696C26D3DE743CEBD4A12F5 /* GGLInstanceIDDelegate.h */,
				666B1B8448944FE0B14DA72D /* GGLInstanceIDHeaders.h */,
				68F8F004448A494C8AB97F02 /* CloudMessaging.h */,
				E959C9EE9C5943E38C148B6D /* GGLContext+CloudMessaging.h */,
				D4A9FE55FF47440B8176DA57 /* Core.h */,
				77B950C11DF84377B1E4C140 /* GGLConfiguration.h */,
				40E6A8681164447F986F30FA /* GGLContext.h */,
				D672BAEABF5F45639F18506E /* GGLErrorCode.h */,
				7E704E90DF9643BABAC82BF3 /* GCMConfig.h */,
				9706426E31924234BB79829A /* GCMPubSub.h */,
				2A5545FB123747E18A9858A4 /* GCMReceiverDelegate.h */,
				985A072B1C3A4434BB2084DF /* GCMService.h */,
				CB6D3A88C37B4170AC14DE6F /* GoogleCloudMessaging.h */,
			);
			name = Plugins;
			path = Reflect.UP/Plugins;
			sourceTree = SOURCE_ROOT;
		};
		308D052D1370CCF300D202BF /* icons */ = {
			isa = PBXGroup;
			children = (
				30C1856519D5FC0A00212699 /* icon-60@3x.png */,
				7E7966D41810823500FA85AD /* icon-40.png */,
				7E7966D51810823500FA85AD /* icon-40@2x.png */,
				7E7966D61810823500FA85AD /* icon-50.png */,
				7E7966D71810823500FA85AD /* icon-50@2x.png */,
				7E7966D81810823500FA85AD /* icon-60.png */,
				7E7966D91810823500FA85AD /* icon-60@2x.png */,
				7E7966DA1810823500FA85AD /* icon-76.png */,
				7E7966DB1810823500FA85AD /* icon-76@2x.png */,
				7E7966DC1810823500FA85AD /* icon-small.png */,
				7E7966DD1810823500FA85AD /* icon-small@2x.png */,
				30FC414816E50CA1004E6F35 /* icon-72@2x.png */,
				308D052E1370CCF300D202BF /* icon-72.png */,
				308D052F1370CCF300D202BF /* icon.png */,
				308D05301370CCF300D202BF /* icon@2x.png */,
			);
			path = icons;
			sourceTree = "<group>";
		};
		308D05311370CCF300D202BF /* splash */ = {
			isa = PBXGroup;
			children = (
				30B4F2FD19D5E07200D9F7D8 /* Default-667h.png */,
				30B4F2FE19D5E07200D9F7D8 /* Default-736h.png */,
				30B4F2FF19D5E07200D9F7D8 /* Default-Landscape-736h.png */,
				D4A0D8751607E02300AEF8BB /* Default-568h@2x~iphone.png */,
				3088BBB7154F3926009F9C59 /* Default-Landscape@2x~ipad.png */,
				3088BBB8154F3926009F9C59 /* Default-Landscape~ipad.png */,
				3088BBB9154F3926009F9C59 /* Default-Portrait@2x~ipad.png */,
				3088BBBA154F3926009F9C59 /* Default-Portrait~ipad.png */,
				3088BBBB154F3926009F9C59 /* Default@2x~iphone.png */,
				3088BBBC154F3926009F9C59 /* Default~iphone.png */,
			);
			path = splash;
			sourceTree = "<group>";
		};
		EB87FDF11871DA420020F90C /* Staging */ = {
			isa = PBXGroup;
			children = (
				F840E1F0165FE0F500CFE078 /* config.xml */,
				301BF56E109A69640062928A /* www */,
			);
			name = Staging;
			sourceTree = "<group>";
		};
/* End PBXGroup section */

/* Begin PBXNativeTarget section */
		1D6058900D05DD3D006BFB54 /* Reflect.UP */ = {
			isa = PBXNativeTarget;
			buildConfigurationList = 1D6058960D05DD3E006BFB54 /* Build configuration list for PBXNativeTarget "Reflect.UP" */;
			buildPhases = (
				304B58A110DAC018002A0835 /* Copy www directory */,
				1D60588D0D05DD3D006BFB54 /* Resources */,
				1D60588E0D05DD3D006BFB54 /* Sources */,
				1D60588F0D05DD3D006BFB54 /* Frameworks */,
			);
			buildRules = (
			);
			dependencies = (
				301BF551109A68C00062928A /* PBXTargetDependency */,
			);
			name = Reflect.UP;
			productName = Reflect.UP;
			productReference = 1D6058910D05DD3D006BFB54 /* Reflect.UP.app */;
			productType = "com.apple.product-type.application";
		};
/* End PBXNativeTarget section */

/* Begin PBXProject section */
		29B97313FDCFA39411CA2CEA /* Project object */ = {
			isa = PBXProject;
			attributes = {
				LastUpgradeCheck = 510;
				TargetAttributes = {
					1D6058900D05DD3D006BFB54 = {
						DevelopmentTeam = 6JUZ3X22P6;
					};
				};
			};
			buildConfigurationList = C01FCF4E08A954540054247B /* Build configuration list for PBXProject "Reflect.UP" */;
			compatibilityVersion = "Xcode 3.2";
			developmentRegion = English;
			hasScannedForEncodings = 1;
			knownRegions = (
				English,
				Japanese,
				French,
				German,
				en,
				es,
				de,
				se,
			);
			mainGroup = 29B97314FDCFA39411CA2CEA /* CustomTemplate */;
			projectDirPath = "";
			projectReferences = (
				{
					ProductGroup = 301BF52E109A57CC0062928A /* Products */;
					ProjectRef = 301BF52D109A57CC0062928A /* CordovaLib.xcodeproj */;
				},
			);
			projectRoot = "";
			targets = (
				1D6058900D05DD3D006BFB54 /* Reflect.UP */,
			);
		};
/* End PBXProject section */

/* Begin PBXReferenceProxy section */
		301BF535109A57CC0062928A /* libCordova.a */ = {
			isa = PBXReferenceProxy;
			fileType = archive.ar;
			path = libCordova.a;
			remoteRef = 301BF534109A57CC0062928A /* PBXContainerItemProxy */;
			sourceTree = BUILT_PRODUCTS_DIR;
		};
/* End PBXReferenceProxy section */

/* Begin PBXResourcesBuildPhase section */
		1D60588D0D05DD3D006BFB54 /* Resources */ = {
			isa = PBXResourcesBuildPhase;
			buildActionMask = 2147483647;
			files = (
				7E7966E41810823500FA85AD /* icon-76.png in Resources */,
				7E7966DF1810823500FA85AD /* icon-40@2x.png in Resources */,
				308D05371370CCF300D202BF /* icon-72.png in Resources */,
				30B4F30119D5E07200D9F7D8 /* Default-736h.png in Resources */,
				308D05381370CCF300D202BF /* icon.png in Resources */,
				308D05391370CCF300D202BF /* icon@2x.png in Resources */,
				302D95F214D2391D003F00A1 /* MainViewController.xib in Resources */,
				7E7966E01810823500FA85AD /* icon-50.png in Resources */,
				7E7966E31810823500FA85AD /* icon-60@2x.png in Resources */,
				7E7966E61810823500FA85AD /* icon-small.png in Resources */,
				3088BBBD154F3926009F9C59 /* Default-Landscape@2x~ipad.png in Resources */,
				3088BBBE154F3926009F9C59 /* Default-Landscape~ipad.png in Resources */,
				3088BBBF154F3926009F9C59 /* Default-Portrait@2x~ipad.png in Resources */,
				7E7966E71810823500FA85AD /* icon-small@2x.png in Resources */,
				3088BBC0154F3926009F9C59 /* Default-Portrait~ipad.png in Resources */,
				30B4F30019D5E07200D9F7D8 /* Default-667h.png in Resources */,
				7E7966DE1810823500FA85AD /* icon-40.png in Resources */,
				3088BBC1154F3926009F9C59 /* Default@2x~iphone.png in Resources */,
				7E7966E21810823500FA85AD /* icon-60.png in Resources */,
				3088BBC2154F3926009F9C59 /* Default~iphone.png in Resources */,
				D4A0D8761607E02300AEF8BB /* Default-568h@2x~iphone.png in Resources */,
				30B4F30219D5E07200D9F7D8 /* Default-Landscape-736h.png in Resources */,
				30C1856619D5FC0A00212699 /* icon-60@3x.png in Resources */,
				7E7966E11810823500FA85AD /* icon-50@2x.png in Resources */,
				7E7966E51810823500FA85AD /* icon-76@2x.png in Resources */,
				30FC414916E50CA1004E6F35 /* icon-72@2x.png in Resources */,
				A5B656BC00FB43D39AEBCDD5 /* CDVNotification.bundle in Resources */,
			);
			runOnlyForDeploymentPostprocessing = 0;
		};
/* End PBXResourcesBuildPhase section */

/* Begin PBXShellScriptBuildPhase section */
		304B58A110DAC018002A0835 /* Copy www directory */ = {
			isa = PBXShellScriptBuildPhase;
			buildActionMask = 2147483647;
			files = (
			);
			inputPaths = (
			);
			name = "Copy www directory";
			outputPaths = (
			);
			runOnlyForDeploymentPostprocessing = 0;
			shellPath = /bin/sh;
			shellScript = "NODEJS_PATH=/usr/local/bin; NVM_NODE_PATH=~/.nvm/versions/node/`nvm version 2>/dev/null`/bin; N_NODE_PATH=`find /usr/local/n/versions/node/* -maxdepth 0 -type d 2>/dev/null | tail -1`/bin; XCODE_NODE_PATH=`xcode-select --print-path`/usr/share/xcs/Node/bin; PATH=$NODEJS_PATH:$NVM_NODE_PATH:$N_NODE_PATH:$XCODE_NODE_PATH:$PATH && node cordova/lib/copy-www-build-step.js";
			showEnvVarsInLog = 0;
		};
/* End PBXShellScriptBuildPhase section */

/* Begin PBXSourcesBuildPhase section */
		1D60588E0D05DD3D006BFB54 /* Sources */ = {
			isa = PBXSourcesBuildPhase;
			buildActionMask = 2147483647;
			files = (
				1D60589B0D05DD56006BFB54 /* main.m in Sources */,
				1D3623260D0F684500981E51 /* AppDelegate.m in Sources */,
				302D95F114D2391D003F00A1 /* MainViewController.m in Sources */,
				EE402A3599894DBC8C1B01DA /* AppDelegate+APPAppEvent.m in Sources */,
				1849E3E97B26413E833C066B /* CDVPlugin+APPAppEvent.m in Sources */,
				A7262C33CA8D4BF985E1095B /* CDVLogger.m in Sources */,
				25865A0D34014ACAB9682850 /* CDVDevice.m in Sources */,
				A78D37C56904493186FE85B0 /* CDVNotification.m in Sources */,
				B8DDC40850874AF094ABED31 /* CDVInAppBrowser.m in Sources */,
				A4068D8CB9124A539078C211 /* CDVConnection.m in Sources */,
				8A98DBBD3F15458AB459821D /* CDVReachability.m in Sources */,
				C68308E57800424BA33CAFB7 /* CDVSplashScreen.m in Sources */,
				40C9C16D92AF4B389A67214B /* CDVViewController+SplashScreen.m in Sources */,
				B105188CF1FE47749B152CE4 /* CDVStatusBar.m in Sources */,
				BF6A2E781F704C5B9DD82E46 /* APPLocalNotification.m in Sources */,
				D4FE1D23C4794AD686C06F99 /* APPLocalNotificationOptions.m in Sources */,
				4091A45EC2984825B314C061 /* UIApplication+APPLocalNotification.m in Sources */,
				A0EF5DA281CA45AA96C8A34A /* UILocalNotification+APPLocalNotification.m in Sources */,
				2F12256EAE0B4E428B775BA3 /* AppDelegate+notification.m in Sources */,
				66AC2688C5A441FAB4C7B889 /* PushPlugin.m in Sources */,
			);
			runOnlyForDeploymentPostprocessing = 0;
		};
/* End PBXSourcesBuildPhase section */

/* Begin PBXTargetDependency section */
		301BF551109A68C00062928A /* PBXTargetDependency */ = {
			isa = PBXTargetDependency;
			name = CordovaLib;
			targetProxy = 301BF550109A68C00062928A /* PBXContainerItemProxy */;
		};
/* End PBXTargetDependency section */

/* Begin XCBuildConfiguration section */
		1D6058940D05DD3E006BFB54 /* Debug */ = {
			isa = XCBuildConfiguration;
			buildSettings = {
				ALWAYS_SEARCH_USER_PATHS = NO;
				CLANG_ENABLE_OBJC_ARC = YES;
				COPY_PHASE_STRIP = NO;
				DEVELOPMENT_TEAM = 6JUZ3X22P6;
				ENABLE_BITCODE = NO;
				ENABLE_TESTABILITY = NO;
				GCC_DYNAMIC_NO_PIC = NO;
				GCC_OPTIMIZATION_LEVEL = 0;
				GCC_PRECOMPILE_PREFIX_HEADER = YES;
				GCC_PREFIX_HEADER = "Reflect.UP/Reflect.UP-Prefix.pch";
				GCC_THUMB_SUPPORT = NO;
				GCC_VERSION = "";
				INFOPLIST_FILE = "Reflect.UP/Reflect.UP-Info.plist";
				IPHONEOS_DEPLOYMENT_TARGET = 6.0;
				LIBRARY_SEARCH_PATHS = (
					"$(inherited)",
					"\"$(SRCROOT)/Reflect.UP/Plugins/phonegap-plugin-push/GCM/Libraries\"",
					"\"$(SRCROOT)/Reflect.UP/Plugins/phonegap-plugin-push/GCM/Libraries\"",
					"\"$(SRCROOT)/Reflect.UP/Plugins/phonegap-plugin-push/GCM/Libraries\"",
					"\"$(SRCROOT)/Reflect.UP/Plugins/phonegap-plugin-push/GCM/Libraries\"",
					"\"$(SRCROOT)/Reflect.UP/Plugins/phonegap-plugin-push/GCM/Libraries\"",
					"\"$(SRCROOT)/Reflect.UP/Plugins/phonegap-plugin-push/GCM/Libraries\"",
					"\"$(SRCROOT)/Reflect.UP/Plugins/phonegap-plugin-push/GCM/Libraries\"",
					"\"$(SRCROOT)/Reflect.UP/Plugins/phonegap-plugin-push/GCM/Libraries\"",
					"\"$(SRCROOT)/Reflect.UP/Plugins/phonegap-plugin-push/GCM/Libraries\"",
					"\"$(SRCROOT)/Reflect.UP/Plugins/phonegap-plugin-push/GCM/Libraries\"",
					"\"$(SRCROOT)/Reflect.UP/Plugins/phonegap-plugin-push/GCM/Libraries\"",
					"\"$(SRCROOT)/Reflect.UP/Plugins/phonegap-plugin-push/GCM/Libraries\"",
					"\"$(SRCROOT)/Reflect.UP/Plugins/phonegap-plugin-push/GCM/Libraries\"",
					"\"$(SRCROOT)/Reflect.UP/Plugins/phonegap-plugin-push/GCM/Libraries\"",
					"\"$(SRCROOT)/Reflect.UP/Plugins/phonegap-plugin-push/GCM/Libraries\"",
					"\"$(SRCROOT)/Reflect.UP/Plugins/phonegap-plugin-push/GCM/Libraries\"",
					"\"$(SRCROOT)/Reflect.UP/Plugins/phonegap-plugin-push/GCM/Libraries\"",
					"\"$(SRCROOT)/Reflect.UP/Plugins/phonegap-plugin-push/GCM/Libraries\"",
					"\"$(SRCROOT)/Reflect.UP/Plugins/phonegap-plugin-push/GCM/Libraries\"",
					"\"$(SRCROOT)/Reflect.UP/Plugins/phonegap-plugin-push/GCM/Libraries\"",
					"\"$(SRCROOT)/Reflect.UP/Plugins/phonegap-plugin-push/GCM/Libraries\"",
					"\"$(SRCROOT)/Reflect.UP/Plugins/phonegap-plugin-push/GCM/Libraries\"",
					"\"$(SRCROOT)/Reflect.UP/Plugins/phonegap-plugin-push/GCM/Libraries\"",
					"\"$(SRCROOT)/Reflect.UP/Plugins/phonegap-plugin-push/GCM/Libraries\"",
					"\"$(SRCROOT)/Reflect.UP/Plugins/phonegap-plugin-push/GCM/Libraries\"",
					"\"$(SRCROOT)/Reflect.UP/Plugins/phonegap-plugin-push/GCM/Libraries\"",
				);
				OTHER_LDFLAGS = (
					"-weak_framework",
					CoreFoundation,
					"-weak_framework",
					UIKit,
					"-weak_framework",
					AVFoundation,
					"-weak_framework",
					CoreMedia,
					"-weak-lSystem",
					"-ObjC",
				);
				PRODUCT_NAME = Reflect.UP;
				TARGETED_DEVICE_FAMILY = "1,2";
			};
			name = Debug;
		};
		1D6058950D05DD3E006BFB54 /* Release */ = {
			isa = XCBuildConfiguration;
			buildSettings = {
				ALWAYS_SEARCH_USER_PATHS = NO;
				CLANG_ENABLE_OBJC_ARC = YES;
				COPY_PHASE_STRIP = YES;
				DEVELOPMENT_TEAM = 6JUZ3X22P6;
				ENABLE_BITCODE = NO;
				ENABLE_TESTABILITY = NO;
				GCC_PRECOMPILE_PREFIX_HEADER = YES;
				GCC_PREFIX_HEADER = "Reflect.UP/Reflect.UP-Prefix.pch";
				GCC_THUMB_SUPPORT = NO;
				GCC_VERSION = "";
				INFOPLIST_FILE = "Reflect.UP/Reflect.UP-Info.plist";
				IPHONEOS_DEPLOYMENT_TARGET = 6.0;
				LIBRARY_SEARCH_PATHS = (
					"$(inherited)",
					"\"$(SRCROOT)/Reflect.UP/Plugins/phonegap-plugin-push/GCM/Libraries\"",
					"\"$(SRCROOT)/Reflect.UP/Plugins/phonegap-plugin-push/GCM/Libraries\"",
					"\"$(SRCROOT)/Reflect.UP/Plugins/phonegap-plugin-push/GCM/Libraries\"",
					"\"$(SRCROOT)/Reflect.UP/Plugins/phonegap-plugin-push/GCM/Libraries\"",
					"\"$(SRCROOT)/Reflect.UP/Plugins/phonegap-plugin-push/GCM/Libraries\"",
					"\"$(SRCROOT)/Reflect.UP/Plugins/phonegap-plugin-push/GCM/Libraries\"",
					"\"$(SRCROOT)/Reflect.UP/Plugins/phonegap-plugin-push/GCM/Libraries\"",
					"\"$(SRCROOT)/Reflect.UP/Plugins/phonegap-plugin-push/GCM/Libraries\"",
					"\"$(SRCROOT)/Reflect.UP/Plugins/phonegap-plugin-push/GCM/Libraries\"",
					"\"$(SRCROOT)/Reflect.UP/Plugins/phonegap-plugin-push/GCM/Libraries\"",
					"\"$(SRCROOT)/Reflect.UP/Plugins/phonegap-plugin-push/GCM/Libraries\"",
					"\"$(SRCROOT)/Reflect.UP/Plugins/phonegap-plugin-push/GCM/Libraries\"",
					"\"$(SRCROOT)/Reflect.UP/Plugins/phonegap-plugin-push/GCM/Libraries\"",
					"\"$(SRCROOT)/Reflect.UP/Plugins/phonegap-plugin-push/GCM/Libraries\"",
					"\"$(SRCROOT)/Reflect.UP/Plugins/phonegap-plugin-push/GCM/Libraries\"",
					"\"$(SRCROOT)/Reflect.UP/Plugins/phonegap-plugin-push/GCM/Libraries\"",
					"\"$(SRCROOT)/Reflect.UP/Plugins/phonegap-plugin-push/GCM/Libraries\"",
					"\"$(SRCROOT)/Reflect.UP/Plugins/phonegap-plugin-push/GCM/Libraries\"",
					"\"$(SRCROOT)/Reflect.UP/Plugins/phonegap-plugin-push/GCM/Libraries\"",
					"\"$(SRCROOT)/Reflect.UP/Plugins/phonegap-plugin-push/GCM/Libraries\"",
					"\"$(SRCROOT)/Reflect.UP/Plugins/phonegap-plugin-push/GCM/Libraries\"",
					"\"$(SRCROOT)/Reflect.UP/Plugins/phonegap-plugin-push/GCM/Libraries\"",
					"\"$(SRCROOT)/Reflect.UP/Plugins/phonegap-plugin-push/GCM/Libraries\"",
					"\"$(SRCROOT)/Reflect.UP/Plugins/phonegap-plugin-push/GCM/Libraries\"",
					"\"$(SRCROOT)/Reflect.UP/Plugins/phonegap-plugin-push/GCM/Libraries\"",
					"\"$(SRCROOT)/Reflect.UP/Plugins/phonegap-plugin-push/GCM/Libraries\"",
				);
				OTHER_LDFLAGS = (
					"-weak_framework",
					CoreFoundation,
					"-weak_framework",
					UIKit,
					"-weak_framework",
					AVFoundation,
					"-weak_framework",
					CoreMedia,
					"-weak-lSystem",
					"-ObjC",
				);
				PRODUCT_NAME = Reflect.UP;
				TARGETED_DEVICE_FAMILY = "1,2";
			};
			name = Release;
		};
		C01FCF4F08A954540054247B /* Debug */ = {
			isa = XCBuildConfiguration;
			buildSettings = {
				CLANG_ENABLE_OBJC_ARC = YES;
				CLANG_WARN_BOOL_CONVERSION = YES;
				CLANG_WARN_CONSTANT_CONVERSION = YES;
				CLANG_WARN_EMPTY_BODY = YES;
				CLANG_WARN_ENUM_CONVERSION = YES;
				CLANG_WARN_INT_CONVERSION = YES;
				CLANG_WARN__DUPLICATE_METHOD_MATCH = YES;
				"CODE_SIGN_IDENTITY[sdk=iphoneos*]" = "iPhone Developer";
				GCC_C_LANGUAGE_STANDARD = c99;
				GCC_THUMB_SUPPORT = NO;
				GCC_VERSION = "";
				GCC_WARN_ABOUT_RETURN_TYPE = YES;
				GCC_WARN_UNDECLARED_SELECTOR = YES;
				GCC_WARN_UNINITIALIZED_AUTOS = YES;
				GCC_WARN_UNUSED_FUNCTION = YES;
				GCC_WARN_UNUSED_VARIABLE = YES;
				HEADER_SEARCH_PATHS = (
					"\"$(TARGET_BUILD_DIR)/usr/local/lib/include\"",
					"\"$(OBJROOT)/UninstalledProducts/include\"",
					"\"$(BUILT_PRODUCTS_DIR)\"",
				);
				IPHONEOS_DEPLOYMENT_TARGET = 6.0;
				ONLY_ACTIVE_ARCH = YES;
				OTHER_LDFLAGS = (
					"-weak_framework",
					CoreFoundation,
					"-weak_framework",
					UIKit,
					"-weak_framework",
					AVFoundation,
					"-weak_framework",
					CoreMedia,
					"-weak-lSystem",
					"-ObjC",
				);
				SDKROOT = iphoneos;
				SKIP_INSTALL = NO;
				TARGETED_DEVICE_FAMILY = "1,2";
				USER_HEADER_SEARCH_PATHS = "";
			};
			name = Debug;
		};
		C01FCF5008A954540054247B /* Release */ = {
			isa = XCBuildConfiguration;
			buildSettings = {
				CLANG_ENABLE_OBJC_ARC = YES;
				CLANG_WARN_BOOL_CONVERSION = YES;
				CLANG_WARN_CONSTANT_CONVERSION = YES;
				CLANG_WARN_EMPTY_BODY = YES;
				CLANG_WARN_ENUM_CONVERSION = YES;
				CLANG_WARN_INT_CONVERSION = YES;
				CLANG_WARN__DUPLICATE_METHOD_MATCH = YES;
				"CODE_SIGN_IDENTITY[sdk=iphoneos*]" = "iPhone Developer";
				GCC_C_LANGUAGE_STANDARD = c99;
				GCC_THUMB_SUPPORT = NO;
				GCC_VERSION = "";
				GCC_WARN_ABOUT_RETURN_TYPE = YES;
				GCC_WARN_UNDECLARED_SELECTOR = YES;
				GCC_WARN_UNINITIALIZED_AUTOS = YES;
				GCC_WARN_UNUSED_FUNCTION = YES;
				GCC_WARN_UNUSED_VARIABLE = YES;
				HEADER_SEARCH_PATHS = (
					"\"$(TARGET_BUILD_DIR)/usr/local/lib/include\"",
					"\"$(OBJROOT)/UninstalledProducts/include\"",
					"\"$(BUILT_PRODUCTS_DIR)\"",
					"\"$(OBJROOT)/UninstalledProducts/$(PLATFORM_NAME)/include\"",
				);
				IPHONEOS_DEPLOYMENT_TARGET = 6.0;
				OTHER_LDFLAGS = (
					"-weak_framework",
					CoreFoundation,
					"-weak_framework",
					UIKit,
					"-weak_framework",
					AVFoundation,
					"-weak_framework",
					CoreMedia,
					"-weak-lSystem",
					"-ObjC",
				);
				SDKROOT = iphoneos;
				SKIP_INSTALL = NO;
				TARGETED_DEVICE_FAMILY = "1,2";
				USER_HEADER_SEARCH_PATHS = "";
			};
			name = Release;
		};
/* End XCBuildConfiguration section */

/* Begin XCConfigurationList section */
		1D6058960D05DD3E006BFB54 /* Build configuration list for PBXNativeTarget "Reflect.UP" */ = {
			isa = XCConfigurationList;
			buildConfigurations = (
				1D6058940D05DD3E006BFB54 /* Debug */,
				1D6058950D05DD3E006BFB54 /* Release */,
			);
			defaultConfigurationIsVisible = 0;
			defaultConfigurationName = Release;
		};
		C01FCF4E08A954540054247B /* Build configuration list for PBXProject "Reflect.UP" */ = {
			isa = XCConfigurationList;
			buildConfigurations = (
				C01FCF4F08A954540054247B /* Debug */,
				C01FCF5008A954540054247B /* Release */,
			);
			defaultConfigurationIsVisible = 0;
			defaultConfigurationName = Release;
		};
/* End XCConfigurationList section */
	};
	rootObject = 29B97313FDCFA39411CA2CEA /* Project object */;
}
